
Microsoft Visual Studio Solution File, Format Version 12.00
# Visual Studio Version 17
VisualStudioVersion = 17.11.35327.3
MinimumVisualStudioVersion = 10.0.40219.1
Project("{9A19103F-16F7-4668-BE54-9A1E7A4F7556}") = "FrontUCM", "FrontUCM\FrontUCM.csproj", "{156B650D-FD47-41E2-8578-F62DB5D220E9}"
EndProject
Project("{9A19103F-16F7-4668-BE54-9A1E7A4F7556}") = "EntitiesUCM", "ModelsUCM\EntitiesUCM.csproj", "{46811FA9-E95A-42FE-99CA-051950D858C1}"
EndProject
Project("{9A19103F-16F7-4668-BE54-9A1E7A4F7556}") = "DbUCM", "DbUCM\DbUCM.csproj", "{B38B389E-7414-4C6E-B807-41570BAFD3B6}"
EndProject
Project("{FAE04EC0-301F-11D3-BF4B-00C04F79EFBC}") = "BackgroundServicesUCM", "WorkerServiceUCM\BackgroundServicesUCM.csproj", "{A5C13410-49D5-4FB5-86BB-E415E07A050C}"
EndProject
Global
	GlobalSection(SolutionConfigurationPlatforms) = preSolution
		Debug|Any CPU = Debug|Any CPU
		Release|Any CPU = Release|Any CPU
	EndGlobalSection
	GlobalSection(ProjectConfigurationPlatforms) = postSolution
		{156B650D-FD47-41E2-8578-F62DB5D220E9}.Debug|Any CPU.ActiveCfg = Debug|Any CPU
		{156B650D-FD47-41E2-8578-F62DB5D220E9}.Debug|Any CPU.Build.0 = Debug|Any CPU
		{156B650D-FD47-41E2-8578-F62DB5D220E9}.Release|Any CPU.ActiveCfg = Release|Any CPU
		{156B650D-FD47-41E2-8578-F62DB5D220E9}.Release|Any CPU.Build.0 = Release|Any CPU
		{46811FA9-E95A-42FE-99CA-051950D858C1}.Debug|Any CPU.ActiveCfg = Debug|Any CPU
		{46811FA9-E95A-42FE-99CA-051950D858C1}.Debug|Any CPU.Build.0 = Debug|Any CPU
		{46811FA9-E95A-42FE-99CA-051950D858C1}.Release|Any CPU.ActiveCfg = Release|Any CPU
		{46811FA9-E95A-42FE-99CA-051950D858C1}.Release|Any CPU.Build.0 = Release|Any CPU
		{B38B389E-7414-4C6E-B807-41570BAFD3B6}.Debug|Any CPU.ActiveCfg = Debug|Any CPU
		{B38B389E-7414-4C6E-B807-41570BAFD3B6}.Debug|Any CPU.Build.0 = Debug|Any CPU
		{B38B389E-7414-4C6E-B807-41570BAFD3B6}.Release|Any CPU.ActiveCfg = Release|Any CPU
		{B38B389E-7414-4C6E-B807-41570BAFD3B6}.Release|Any CPU.Build.0 = Release|Any CPU
		{A5C13410-49D5-4FB5-86BB-E415E07A050C}.Debug|Any CPU.ActiveCfg = Debug|Any CPU
		{A5C13410-49D5-4FB5-86BB-E415E07A050C}.Debug|Any CPU.Build.0 = Debug|Any CPU
		{A5C13410-49D5-4FB5-86BB-E415E07A050C}.Release|Any CPU.ActiveCfg = Release|Any CPU
		{A5C13410-49D5-4FB5-86BB-E415E07A050C}.Release|Any CPU.Build.0 = Release|Any CPU
	EndGlobalSection
	GlobalSection(SolutionProperties) = preSolution
		HideSolutionNode = FALSE
	EndGlobalSection
	GlobalSection(ExtensibilityGlobals) = postSolution
		SolutionGuid = {8D585FA3-409D-4776-8CD3-143EF834A34B}
	EndGlobalSection
EndGlobal
